
Microsoft Visual Studio Solution File, Format Version 12.00
# Visual Studio Version 16
VisualStudioVersion = 16.0.30611.23
MinimumVisualStudioVersion = 10.0.40219.1
Project("{FAE04EC0-301F-11D3-BF4B-00C04F79EFBC}") = "Sinau", "Sinau\Sinau.csproj", "{5AC0E503-E62A-4FE0-928B-AB5E248C07EE}"
EndProject
Global
	GlobalSection(SolutionConfigurationPlatforms) = preSolution
		Debug|Any CPU = Debug|Any CPU
		Release|Any CPU = Release|Any CPU
	EndGlobalSection
	GlobalSection(ProjectConfigurationPlatforms) = postSolution
		{5AC0E503-E62A-4FE0-928B-AB5E248C07EE}.Debug|Any CPU.ActiveCfg = Debug|Any CPU
		{5AC0E503-E62A-4FE0-928B-AB5E248C07EE}.Debug|Any CPU.Build.0 = Debug|Any CPU
		{5AC0E503-E62A-4FE0-928B-AB5E248C07EE}.Release|Any CPU.ActiveCfg = Release|Any CPU
		{5AC0E503-E62A-4FE0-928B-AB5E248C07EE}.Release|Any CPU.Build.0 = Release|Any CPU
	EndGlobalSection
	GlobalSection(SolutionProperties) = preSolution
		HideSolutionNode = FALSE
	EndGlobalSection
	GlobalSection(ExtensibilityGlobals) = postSolution
		SolutionGuid = {383863EE-3C49-4852-9887-9741F8FF9216}
	EndGlobalSection
EndGlobal
